
Microsoft Visual Studio Solution File, Format Version 12.00
# Visual Studio Version 16
VisualStudioVersion = 16.0.31624.102
MinimumVisualStudioVersion = 10.0.40219.1
Project("{9A19103F-16F7-4668-BE54-9A1E7A4F7556}") = "ASP.NET_Web-API", "ASP.NET_Web-API\ASP.NET_Web-API.csproj", "{7F0E6CFB-59A8-4482-805A-EFE19B60A55B}"
EndProject
Project("{FAE04EC0-301F-11D3-BF4B-00C04F79EFBC}") = "WpfApp1", "WpfApp1\WpfApp1.csproj", "{064B7DEF-8A7F-42ED-BEBE-B494C3F744D2}"
EndProject
Global
	GlobalSection(SolutionConfigurationPlatforms) = preSolution
		Debug|Any CPU = Debug|Any CPU
		Release|Any CPU = Release|Any CPU
	EndGlobalSection
	GlobalSection(ProjectConfigurationPlatforms) = postSolution
		{7F0E6CFB-59A8-4482-805A-EFE19B60A55B}.Debug|Any CPU.ActiveCfg = Debug|Any CPU
		{7F0E6CFB-59A8-4482-805A-EFE19B60A55B}.Debug|Any CPU.Build.0 = Debug|Any CPU
		{7F0E6CFB-59A8-4482-805A-EFE19B60A55B}.Release|Any CPU.ActiveCfg = Release|Any CPU
		{7F0E6CFB-59A8-4482-805A-EFE19B60A55B}.Release|Any CPU.Build.0 = Release|Any CPU
		{064B7DEF-8A7F-42ED-BEBE-B494C3F744D2}.Debug|Any CPU.ActiveCfg = Debug|Any CPU
		{064B7DEF-8A7F-42ED-BEBE-B494C3F744D2}.Debug|Any CPU.Build.0 = Debug|Any CPU
		{064B7DEF-8A7F-42ED-BEBE-B494C3F744D2}.Release|Any CPU.ActiveCfg = Release|Any CPU
		{064B7DEF-8A7F-42ED-BEBE-B494C3F744D2}.Release|Any CPU.Build.0 = Release|Any CPU
	EndGlobalSection
	GlobalSection(SolutionProperties) = preSolution
		HideSolutionNode = FALSE
	EndGlobalSection
	GlobalSection(ExtensibilityGlobals) = postSolution
		SolutionGuid = {CDF26372-C7F3-4EF7-BEF9-3023126F66E9}
	EndGlobalSection
EndGlobal
